
Microsoft Visual Studio Solution File, Format Version 12.00
# Visual Studio Version 17
VisualStudioVersion = 17.3.32804.467
MinimumVisualStudioVersion = 10.0.40219.1
Project("{FAE04EC0-301F-11D3-BF4B-00C04F79EFBC}") = "tech team audio mixer", "tech team audio mixer\tech team audio mixer.csproj", "{77867AD1-8862-4373-AA0D-70B3A2113823}"
EndProject
Global
	GlobalSection(SolutionConfigurationPlatforms) = preSolution
		Debug|Any CPU = Debug|Any CPU
		Release|Any CPU = Release|Any CPU
	EndGlobalSection
	GlobalSection(ProjectConfigurationPlatforms) = postSolution
		{77867AD1-8862-4373-AA0D-70B3A2113823}.Debug|Any CPU.ActiveCfg = Debug|Any CPU
		{77867AD1-8862-4373-AA0D-70B3A2113823}.Debug|Any CPU.Build.0 = Debug|Any CPU
		{77867AD1-8862-4373-AA0D-70B3A2113823}.Release|Any CPU.ActiveCfg = Release|Any CPU
		{77867AD1-8862-4373-AA0D-70B3A2113823}.Release|Any CPU.Build.0 = Release|Any CPU
	EndGlobalSection
	GlobalSection(SolutionProperties) = preSolution
		HideSolutionNode = FALSE
	EndGlobalSection
	GlobalSection(ExtensibilityGlobals) = postSolution
		SolutionGuid = {11F3E2E6-60C9-4381-9E6D-F472ADA6BB18}
	EndGlobalSection
EndGlobal
